{
  "name": "md-links",
  "version": "1.0.0",
  "lockfileVersion": 2,
  "requires": true,
  "packages": {
    "": {
      "name": "md-links",
      "version": "1.0.0",
      "dependencies": {
        "md-links": "github:LittlePuggers/DEV003-md-links"
      },
      "engines": {
        "node": ">=16.x"
      }
    },
    "node_modules/md-links": {
      "version": "1.0.0",
      "resolved": "git+ssh://git@github.com/LittlePuggers/DEV003-md-links.git#6faef6fff223702de67da59b0b1160169ca4e0d3",
      "engines": {
        "node": ">=16.x"
      }
    }
  },
  "dependencies": {
    "md-links": {
      "version": "git+ssh://git@github.com/LittlePuggers/DEV003-md-links.git#6faef6fff223702de67da59b0b1160169ca4e0d3",
      "from": "md-links@LittlePuggers/DEV003-md-links"
    }
  }
}
